
Microsoft Visual Studio Solution File, Format Version 12.00
# Visual Studio Version 16
VisualStudioVersion = 25.0.1705.4
MinimumVisualStudioVersion = 10.0.40219.1
Project("{FAE04EC0-301F-11D3-BF4B-00C04F79EFBC}") = "BackEndCore", "BackEndCore\BackEndCore.csproj", "{77810FF5-4CF2-44A7-8ECF-3384A3F3AB55}"
EndProject
Global
	GlobalSection(SolutionConfigurationPlatforms) = preSolution
		Debug|Any CPU = Debug|Any CPU
		Release|Any CPU = Release|Any CPU
	EndGlobalSection
	GlobalSection(ProjectConfigurationPlatforms) = postSolution
		{77810FF5-4CF2-44A7-8ECF-3384A3F3AB55}.Debug|Any CPU.ActiveCfg = Debug|Any CPU
		{77810FF5-4CF2-44A7-8ECF-3384A3F3AB55}.Debug|Any CPU.Build.0 = Debug|Any CPU
		{77810FF5-4CF2-44A7-8ECF-3384A3F3AB55}.Release|Any CPU.ActiveCfg = Release|Any CPU
		{77810FF5-4CF2-44A7-8ECF-3384A3F3AB55}.Release|Any CPU.Build.0 = Release|Any CPU
	EndGlobalSection
	GlobalSection(SolutionProperties) = preSolution
		HideSolutionNode = FALSE
	EndGlobalSection
	GlobalSection(ExtensibilityGlobals) = postSolution
		SolutionGuid = {91DBFCF4-0690-4111-B324-19D04EAFA5A1}
	EndGlobalSection
EndGlobal
